{
  "version": 4,
  "terraform_version": "0.13.5",
  "serial": 18,
  "lineage": "851a049f-0f46-3c78-2016-c0b04c25980d",
  "outputs": {
    "jenkins_IP": {
      "value": "18.202.57.44",
      "type": "string"
    },
    "prod_endpoint": {
      "value": "cne-project-prod.c0gjfqjsmyrl.eu-west-1.rds.amazonaws.com:3306",
      "type": "string"
    },
    "test_IP": {
      "value": "3.251.92.207",
      "type": "string"
    },
    "test_endpoint": {
      "value": "cne-project-test.c0gjfqjsmyrl.eu-west-1.rds.amazonaws.com:3306",
      "type": "string"
    }
  },
  "resources": [
    {
      "module": "module.RDS_instances",
      "mode": "managed",
      "type": "aws_db_instance",
      "name": "prod",
      "provider": "provider[\"registry.terraform.io/hashicorp/aws\"]",
      "instances": [
        {
          "schema_version": 1,
          "attributes": {
            "address": "cne-project-prod.c0gjfqjsmyrl.eu-west-1.rds.amazonaws.com",
            "allocated_storage": 20,
            "allow_major_version_upgrade": null,
            "apply_immediately": null,
            "arn": "arn:aws:rds:eu-west-1:711147525323:db:cne-project-prod",
            "auto_minor_version_upgrade": true,
            "availability_zone": "eu-west-1b",
            "backup_retention_period": 0,
            "backup_window": "03:17-03:47",
            "ca_cert_identifier": "rds-ca-2019",
            "character_set_name": null,
            "copy_tags_to_snapshot": false,
            "db_subnet_group_name": "main",
            "delete_automated_backups": true,
            "deletion_protection": false,
            "domain": "",
            "domain_iam_role_name": "",
            "enabled_cloudwatch_logs_exports": null,
            "endpoint": "cne-project-prod.c0gjfqjsmyrl.eu-west-1.rds.amazonaws.com:3306",
            "engine": "mysql",
            "engine_version": "5.7.26",
            "final_snapshot_identifier": null,
            "hosted_zone_id": "Z29XKXDKYMONMX",
            "iam_database_authentication_enabled": false,
            "id": "cne-project-prod",
            "identifier": "cne-project-prod",
            "identifier_prefix": null,
            "instance_class": "db.t2.micro",
            "iops": 0,
            "kms_key_id": "",
            "latest_restorable_time": "0001-01-01T00:00:00Z",
            "license_model": "general-public-license",
            "maintenance_window": "sun:02:25-sun:02:55",
            "max_allocated_storage": 0,
            "monitoring_interval": 0,
            "monitoring_role_arn": "",
            "multi_az": false,
            "name": "prod_db",
            "option_group_name": "default:mysql-5-7",
            "parameter_group_name": "default.mysql5.7",
            "password": "password",
            "performance_insights_enabled": false,
            "performance_insights_kms_key_id": "",
            "performance_insights_retention_period": 0,
            "port": 3306,
            "publicly_accessible": false,
            "replicas": [],
            "replicate_source_db": "",
            "resource_id": "db-HS34Y57ZITD7ACM323A3AOVJ24",
            "restore_to_point_in_time": [],
            "s3_import": [],
            "security_group_names": null,
            "skip_final_snapshot": true,
            "snapshot_identifier": null,
            "status": "available",
            "storage_encrypted": false,
            "storage_type": "gp2",
            "tags": {
              "project": "CNE_Practical"
            },
            "timeouts": null,
            "timezone": "",
            "username": "admin",
            "vpc_security_group_ids": [
              "sg-040c62ff6bb1710ca"
            ]
          },
          "private": "eyJlMmJmYjczMC1lY2FhLTExZTYtOGY4OC0zNDM2M2JjN2M0YzAiOnsiY3JlYXRlIjoyNDAwMDAwMDAwMDAwLCJkZWxldGUiOjM2MDAwMDAwMDAwMDAsInVwZGF0ZSI6NDgwMDAwMDAwMDAwMH0sInNjaGVtYV92ZXJzaW9uIjoiMSJ9",
          "dependencies": [
            "module.RDS_instances.aws_db_subnet_group.default",
            "module.aws_vpc.aws_subnet.publicA",
            "module.aws_vpc.aws_subnet.publicB",
            "module.security_group.aws_security_group.wsg"
          ]
        }
      ]
    },
    {
      "module": "module.RDS_instances",
      "mode": "managed",
      "type": "aws_db_instance",
      "name": "test",
      "provider": "provider[\"registry.terraform.io/hashicorp/aws\"]",
      "instances": [
        {
          "schema_version": 1,
          "attributes": {
            "address": "cne-project-test.c0gjfqjsmyrl.eu-west-1.rds.amazonaws.com",
            "allocated_storage": 20,
            "allow_major_version_upgrade": null,
            "apply_immediately": null,
            "arn": "arn:aws:rds:eu-west-1:711147525323:db:cne-project-test",
            "auto_minor_version_upgrade": true,
            "availability_zone": "eu-west-1b",
            "backup_retention_period": 0,
            "backup_window": "05:18-05:48",
            "ca_cert_identifier": "rds-ca-2019",
            "character_set_name": null,
            "copy_tags_to_snapshot": false,
            "db_subnet_group_name": "main",
            "delete_automated_backups": true,
            "deletion_protection": false,
            "domain": "",
            "domain_iam_role_name": "",
            "enabled_cloudwatch_logs_exports": null,
            "endpoint": "cne-project-test.c0gjfqjsmyrl.eu-west-1.rds.amazonaws.com:3306",
            "engine": "mysql",
            "engine_version": "5.7.26",
            "final_snapshot_identifier": null,
            "hosted_zone_id": "Z29XKXDKYMONMX",
            "iam_database_authentication_enabled": false,
            "id": "cne-project-test",
            "identifier": "cne-project-test",
            "identifier_prefix": null,
            "instance_class": "db.t2.micro",
            "iops": 0,
            "kms_key_id": "",
            "latest_restorable_time": "0001-01-01T00:00:00Z",
            "license_model": "general-public-license",
            "maintenance_window": "mon:04:44-mon:05:14",
            "max_allocated_storage": 0,
            "monitoring_interval": 0,
            "monitoring_role_arn": "",
            "multi_az": false,
            "name": "test_db",
            "option_group_name": "default:mysql-5-7",
            "parameter_group_name": "default.mysql5.7",
            "password": "password",
            "performance_insights_enabled": false,
            "performance_insights_kms_key_id": "",
            "performance_insights_retention_period": 0,
            "port": 3306,
            "publicly_accessible": false,
            "replicas": [],
            "replicate_source_db": "",
            "resource_id": "db-WJLNFGIGMXVWUKASP2ZGQV2XLY",
            "restore_to_point_in_time": [],
            "s3_import": [],
            "security_group_names": null,
            "skip_final_snapshot": true,
            "snapshot_identifier": null,
            "status": "available",
            "storage_encrypted": false,
            "storage_type": "gp2",
            "tags": {
              "project": "CNE_Practical"
            },
            "timeouts": null,
            "timezone": "",
            "username": "admin",
            "vpc_security_group_ids": [
              "sg-040c62ff6bb1710ca"
            ]
          },
          "private": "eyJlMmJmYjczMC1lY2FhLTExZTYtOGY4OC0zNDM2M2JjN2M0YzAiOnsiY3JlYXRlIjoyNDAwMDAwMDAwMDAwLCJkZWxldGUiOjM2MDAwMDAwMDAwMDAsInVwZGF0ZSI6NDgwMDAwMDAwMDAwMH0sInNjaGVtYV92ZXJzaW9uIjoiMSJ9",
          "dependencies": [
            "module.RDS_instances.aws_db_subnet_group.default",
            "module.aws_vpc.aws_subnet.publicA",
            "module.aws_vpc.aws_subnet.publicB",
            "module.security_group.aws_security_group.wsg"
          ]
        }
      ]
    },
    {
      "module": "module.RDS_instances",
      "mode": "managed",
      "type": "aws_db_subnet_group",
      "name": "default",
      "provider": "provider[\"registry.terraform.io/hashicorp/aws\"]",
      "instances": [
        {
          "schema_version": 0,
          "attributes": {
            "arn": "arn:aws:rds:eu-west-1:711147525323:subgrp:main",
            "description": "Managed by Terraform",
            "id": "main",
            "name": "main",
            "name_prefix": null,
            "subnet_ids": [
              "subnet-042ca88fb929254da",
              "subnet-09a2b1d663f4bf784"
            ],
            "tags": {
              "project": "CNE_Practical"
            }
          },
          "private": "bnVsbA==",
          "dependencies": [
            "module.aws_vpc.aws_subnet.publicA",
            "module.aws_vpc.aws_subnet.publicB"
          ]
        }
      ]
    },
    {
      "module": "module.aws_vpc",
      "mode": "data",
      "type": "aws_availability_zones",
      "name": "available",
      "provider": "provider[\"registry.terraform.io/hashicorp/aws\"]",
      "instances": [
        {
          "schema_version": 0,
          "attributes": {
            "all_availability_zones": null,
            "exclude_names": null,
            "exclude_zone_ids": null,
            "filter": null,
            "group_names": [
              "eu-west-1"
            ],
            "id": "eu-west-1",
            "names": [
              "eu-west-1a",
              "eu-west-1b",
              "eu-west-1c"
            ],
            "state": "available",
            "zone_ids": [
              "euw1-az3",
              "euw1-az1",
              "euw1-az2"
            ]
          }
        }
      ]
    },
    {
      "module": "module.aws_vpc",
      "mode": "managed",
      "type": "aws_internet_gateway",
      "name": "vpc_igw",
      "provider": "provider[\"registry.terraform.io/hashicorp/aws\"]",
      "instances": [
        {
          "schema_version": 0,
          "attributes": {
            "arn": "arn:aws:ec2:eu-west-1:711147525323:internet-gateway/igw-0c3c547547b39641c",
            "id": "igw-0c3c547547b39641c",
            "owner_id": "711147525323",
            "tags": {
              "project": "CNE_Practical"
            },
            "vpc_id": "vpc-0f1502a0d97e0d04f"
          },
          "private": "bnVsbA==",
          "dependencies": [
            "module.aws_vpc.aws_vpc.vpc"
          ]
        }
      ]
    },
    {
      "module": "module.aws_vpc",
      "mode": "managed",
      "type": "aws_route_table",
      "name": "vpc_rt",
      "provider": "provider[\"registry.terraform.io/hashicorp/aws\"]",
      "instances": [
        {
          "schema_version": 0,
          "attributes": {
            "id": "rtb-0402875d54985dcfd",
            "owner_id": "711147525323",
            "propagating_vgws": [],
            "route": [
              {
                "cidr_block": "0.0.0.0/0",
                "egress_only_gateway_id": "",
                "gateway_id": "igw-0c3c547547b39641c",
                "instance_id": "",
                "ipv6_cidr_block": "",
                "local_gateway_id": "",
                "nat_gateway_id": "",
                "network_interface_id": "",
                "transit_gateway_id": "",
                "vpc_endpoint_id": "",
                "vpc_peering_connection_id": ""
              }
            ],
            "tags": {
              "project": "CNE_Practical"
            },
            "vpc_id": "vpc-0f1502a0d97e0d04f"
          },
          "private": "bnVsbA==",
          "dependencies": [
            "module.aws_vpc.aws_internet_gateway.vpc_igw",
            "module.aws_vpc.aws_vpc.vpc"
          ]
        }
      ]
    },
    {
      "module": "module.aws_vpc",
      "mode": "managed",
      "type": "aws_route_table_association",
      "name": "pub_subA_rta",
      "provider": "provider[\"registry.terraform.io/hashicorp/aws\"]",
      "instances": [
        {
          "schema_version": 0,
          "attributes": {
            "gateway_id": null,
            "id": "rtbassoc-0cd0f01c3b07aea6f",
            "route_table_id": "rtb-0402875d54985dcfd",
            "subnet_id": "subnet-09a2b1d663f4bf784"
          },
          "private": "bnVsbA==",
          "dependencies": [
            "module.aws_vpc.aws_internet_gateway.vpc_igw",
            "module.aws_vpc.aws_route_table.vpc_rt",
            "module.aws_vpc.aws_subnet.publicA",
            "module.aws_vpc.aws_vpc.vpc",
            "module.aws_vpc.data.aws_availability_zones.available"
          ]
        }
      ]
    },
    {
      "module": "module.aws_vpc",
      "mode": "managed",
      "type": "aws_route_table_association",
      "name": "pub_subB_rta",
      "provider": "provider[\"registry.terraform.io/hashicorp/aws\"]",
      "instances": [
        {
          "schema_version": 0,
          "attributes": {
            "gateway_id": null,
            "id": "rtbassoc-0e89ad7e648716cf2",
            "route_table_id": "rtb-0402875d54985dcfd",
            "subnet_id": "subnet-042ca88fb929254da"
          },
          "private": "bnVsbA==",
          "dependencies": [
            "module.aws_vpc.aws_internet_gateway.vpc_igw",
            "module.aws_vpc.aws_route_table.vpc_rt",
            "module.aws_vpc.aws_subnet.publicB",
            "module.aws_vpc.aws_vpc.vpc",
            "module.aws_vpc.data.aws_availability_zones.available"
          ]
        }
      ]
    },
    {
      "module": "module.aws_vpc",
      "mode": "managed",
      "type": "aws_subnet",
      "name": "publicA",
      "provider": "provider[\"registry.terraform.io/hashicorp/aws\"]",
      "instances": [
        {
          "schema_version": 1,
          "attributes": {
            "arn": "arn:aws:ec2:eu-west-1:711147525323:subnet/subnet-09a2b1d663f4bf784",
            "assign_ipv6_address_on_creation": false,
            "availability_zone": "eu-west-1a",
            "availability_zone_id": "euw1-az3",
            "cidr_block": "10.0.1.0/24",
            "id": "subnet-09a2b1d663f4bf784",
            "ipv6_cidr_block": "",
            "ipv6_cidr_block_association_id": "",
            "map_public_ip_on_launch": true,
            "outpost_arn": "",
            "owner_id": "711147525323",
            "tags": {
              "project": "CNE_Practical"
            },
            "timeouts": null,
            "vpc_id": "vpc-0f1502a0d97e0d04f"
          },
          "private": "eyJlMmJmYjczMC1lY2FhLTExZTYtOGY4OC0zNDM2M2JjN2M0YzAiOnsiY3JlYXRlIjo2MDAwMDAwMDAwMDAsImRlbGV0ZSI6MTIwMDAwMDAwMDAwMH0sInNjaGVtYV92ZXJzaW9uIjoiMSJ9",
          "dependencies": [
            "module.aws_vpc.aws_vpc.vpc",
            "module.aws_vpc.data.aws_availability_zones.available"
          ]
        }
      ]
    },
    {
      "module": "module.aws_vpc",
      "mode": "managed",
      "type": "aws_subnet",
      "name": "publicB",
      "provider": "provider[\"registry.terraform.io/hashicorp/aws\"]",
      "instances": [
        {
          "schema_version": 1,
          "attributes": {
            "arn": "arn:aws:ec2:eu-west-1:711147525323:subnet/subnet-042ca88fb929254da",
            "assign_ipv6_address_on_creation": false,
            "availability_zone": "eu-west-1b",
            "availability_zone_id": "euw1-az1",
            "cidr_block": "10.0.2.0/24",
            "id": "subnet-042ca88fb929254da",
            "ipv6_cidr_block": "",
            "ipv6_cidr_block_association_id": "",
            "map_public_ip_on_launch": true,
            "outpost_arn": "",
            "owner_id": "711147525323",
            "tags": {
              "project": "CNE_Practical"
            },
            "timeouts": null,
            "vpc_id": "vpc-0f1502a0d97e0d04f"
          },
          "private": "eyJlMmJmYjczMC1lY2FhLTExZTYtOGY4OC0zNDM2M2JjN2M0YzAiOnsiY3JlYXRlIjo2MDAwMDAwMDAwMDAsImRlbGV0ZSI6MTIwMDAwMDAwMDAwMH0sInNjaGVtYV92ZXJzaW9uIjoiMSJ9",
          "dependencies": [
            "module.aws_vpc.aws_vpc.vpc",
            "module.aws_vpc.data.aws_availability_zones.available"
          ]
        }
      ]
    },
    {
      "module": "module.aws_vpc",
      "mode": "managed",
      "type": "aws_vpc",
      "name": "vpc",
      "provider": "provider[\"registry.terraform.io/hashicorp/aws\"]",
      "instances": [
        {
          "schema_version": 1,
          "attributes": {
            "arn": "arn:aws:ec2:eu-west-1:711147525323:vpc/vpc-0f1502a0d97e0d04f",
            "assign_generated_ipv6_cidr_block": false,
            "cidr_block": "10.0.0.0/16",
            "default_network_acl_id": "acl-0371a0b5e44566e24",
            "default_route_table_id": "rtb-0870d3c3c44581621",
            "default_security_group_id": "sg-05b1bf1e20c0b37e6",
            "dhcp_options_id": "dopt-42d0eb24",
            "enable_classiclink": false,
            "enable_classiclink_dns_support": false,
            "enable_dns_hostnames": false,
            "enable_dns_support": true,
            "id": "vpc-0f1502a0d97e0d04f",
            "instance_tenancy": "default",
            "ipv6_association_id": "",
            "ipv6_cidr_block": "",
            "main_route_table_id": "rtb-0870d3c3c44581621",
            "owner_id": "711147525323",
            "tags": {
              "project": "CNE_Practical"
            }
          },
          "private": "eyJzY2hlbWFfdmVyc2lvbiI6IjEifQ=="
        }
      ]
    },
    {
      "module": "module.ec2_instances",
      "mode": "managed",
      "type": "aws_instance",
      "name": "jenkins_VM",
      "provider": "provider[\"registry.terraform.io/hashicorp/aws\"]",
      "instances": [
        {
          "schema_version": 1,
          "attributes": {
            "ami": "ami-0b85dae948397feb4",
            "arn": "arn:aws:ec2:eu-west-1:711147525323:instance/i-05663682b70df6be6",
            "associate_public_ip_address": true,
            "availability_zone": "eu-west-1a",
            "cpu_core_count": 1,
            "cpu_threads_per_core": 1,
            "credit_specification": [
              {
                "cpu_credits": "standard"
              }
            ],
            "disable_api_termination": false,
            "ebs_block_device": [],
            "ebs_optimized": false,
            "ephemeral_block_device": [],
            "get_password_data": false,
            "hibernation": false,
            "host_id": null,
            "iam_instance_profile": "",
            "id": "i-05663682b70df6be6",
            "instance_initiated_shutdown_behavior": null,
            "instance_state": "running",
            "instance_type": "t2.micro",
            "ipv6_address_count": 0,
            "ipv6_addresses": [],
            "key_name": "demokeys",
            "metadata_options": [
              {
                "http_endpoint": "enabled",
                "http_put_response_hop_limit": 1,
                "http_tokens": "optional"
              }
            ],
            "monitoring": false,
            "network_interface": [],
            "outpost_arn": "",
            "password_data": "",
            "placement_group": "",
            "primary_network_interface_id": "eni-0449caf0a1df60173",
            "private_dns": "ip-10-0-1-7.eu-west-1.compute.internal",
            "private_ip": "10.0.1.7",
            "public_dns": "",
            "public_ip": "18.202.57.44",
            "root_block_device": [
              {
                "delete_on_termination": true,
                "device_name": "/dev/sda1",
                "encrypted": false,
                "iops": 100,
                "kms_key_id": "",
                "volume_id": "vol-02a5913522ce3aabe",
                "volume_size": 8,
                "volume_type": "gp2"
              }
            ],
            "secondary_private_ips": [],
            "security_groups": [],
            "source_dest_check": true,
            "subnet_id": "subnet-09a2b1d663f4bf784",
            "tags": {
              "Name": "jenkins_VM",
              "project": "CNE_Practical"
            },
            "tenancy": "default",
            "timeouts": null,
            "user_data": null,
            "user_data_base64": null,
            "volume_tags": {},
            "vpc_security_group_ids": [
              "sg-040c62ff6bb1710ca"
            ]
          },
          "private": "eyJlMmJmYjczMC1lY2FhLTExZTYtOGY4OC0zNDM2M2JjN2M0YzAiOnsiY3JlYXRlIjo2MDAwMDAwMDAwMDAsImRlbGV0ZSI6MTIwMDAwMDAwMDAwMCwidXBkYXRlIjo2MDAwMDAwMDAwMDB9LCJzY2hlbWFfdmVyc2lvbiI6IjEifQ==",
          "dependencies": [
            "module.aws_vpc.aws_subnet.publicA",
            "module.ec2_instances.aws_key_pair.demo_key",
            "module.security_group.aws_security_group.wsg"
          ],
          "create_before_destroy": true
        }
      ]
    },
    {
      "module": "module.ec2_instances",
      "mode": "managed",
      "type": "aws_instance",
      "name": "test_VM",
      "provider": "provider[\"registry.terraform.io/hashicorp/aws\"]",
      "instances": [
        {
          "schema_version": 1,
          "attributes": {
            "ami": "ami-0b85dae948397feb4",
            "arn": "arn:aws:ec2:eu-west-1:711147525323:instance/i-00cc02af5e1f9c9af",
            "associate_public_ip_address": true,
            "availability_zone": "eu-west-1a",
            "cpu_core_count": 1,
            "cpu_threads_per_core": 1,
            "credit_specification": [
              {
                "cpu_credits": "standard"
              }
            ],
            "disable_api_termination": false,
            "ebs_block_device": [],
            "ebs_optimized": false,
            "ephemeral_block_device": [],
            "get_password_data": false,
            "hibernation": false,
            "host_id": null,
            "iam_instance_profile": "",
            "id": "i-00cc02af5e1f9c9af",
            "instance_initiated_shutdown_behavior": null,
            "instance_state": "running",
            "instance_type": "t2.micro",
            "ipv6_address_count": 0,
            "ipv6_addresses": [],
            "key_name": "demokeys",
            "metadata_options": [
              {
                "http_endpoint": "enabled",
                "http_put_response_hop_limit": 1,
                "http_tokens": "optional"
              }
            ],
            "monitoring": false,
            "network_interface": [],
            "outpost_arn": "",
            "password_data": "",
            "placement_group": "",
            "primary_network_interface_id": "eni-0580e8472140c8f38",
            "private_dns": "ip-10-0-1-170.eu-west-1.compute.internal",
            "private_ip": "10.0.1.170",
            "public_dns": "",
            "public_ip": "3.251.92.207",
            "root_block_device": [
              {
                "delete_on_termination": true,
                "device_name": "/dev/sda1",
                "encrypted": false,
                "iops": 100,
                "kms_key_id": "",
                "volume_id": "vol-02b025da5d7264d94",
                "volume_size": 8,
                "volume_type": "gp2"
              }
            ],
            "secondary_private_ips": [],
            "security_groups": [],
            "source_dest_check": true,
            "subnet_id": "subnet-09a2b1d663f4bf784",
            "tags": {
              "Name": "test_VM",
              "project": "CNE_Practical"
            },
            "tenancy": "default",
            "timeouts": null,
            "user_data": null,
            "user_data_base64": null,
            "volume_tags": {},
            "vpc_security_group_ids": [
              "sg-040c62ff6bb1710ca"
            ]
          },
          "private": "eyJlMmJmYjczMC1lY2FhLTExZTYtOGY4OC0zNDM2M2JjN2M0YzAiOnsiY3JlYXRlIjo2MDAwMDAwMDAwMDAsImRlbGV0ZSI6MTIwMDAwMDAwMDAwMCwidXBkYXRlIjo2MDAwMDAwMDAwMDB9LCJzY2hlbWFfdmVyc2lvbiI6IjEifQ==",
          "dependencies": [
            "module.aws_vpc.aws_subnet.publicA",
            "module.ec2_instances.aws_key_pair.demo_key",
            "module.security_group.aws_security_group.wsg"
          ],
          "create_before_destroy": true
        }
      ]
    },
    {
      "module": "module.ec2_instances",
      "mode": "managed",
      "type": "aws_key_pair",
      "name": "demo_key",
      "provider": "provider[\"registry.terraform.io/hashicorp/aws\"]",
      "instances": [
        {
          "schema_version": 1,
          "attributes": {
            "arn": "arn:aws:ec2:eu-west-1:711147525323:key-pair/demokeys",
            "fingerprint": "2c:93:15:93:3c:9e:fb:dd:39:97:6a:47:b5:98:f8:47",
            "id": "demokeys",
            "key_name": "demokeys",
            "key_name_prefix": null,
            "key_pair_id": "key-0587d50ceab0812f0",
            "public_key": "ssh-rsa AAAAB3NzaC1yc2EAAAADAQABAAABAQDXNO5WoE6eK7dOdAN6aqeX+kpNwemLy5AFijjCHyxgYpXSBWFXTaK1pExoI7Y8T3uzKtbhDjpbaNYKkLJiJpdymHfs2SnReTZdVWwL/o2iPhJ2vW7v8IB+iX/1C1Ii4ew/7gJVpUDF/CCus9jobb+1eG5oiy+KHOQCb06pHTMbXDUps/VzXer/gU5FsstATuqaT0ORFNThzja5Zs4jLyPQXCWRiLk8m8sjRVtDS6AFzfPdPXivEMt+xuHQKMt1K//NOWrpbJ6D42hGUkkWa1wKpBJxCsZoqYM8pxcdA7eBh/lQswWXThuNM6tixTz9Suee19UFeeNdF3wJzBUS4TU9 ubuntu@ip-172-31-40-117",
            "tags": {}
          },
          "private": "eyJzY2hlbWFfdmVyc2lvbiI6IjEifQ=="
        }
      ]
    },
    {
      "module": "module.security_group",
      "mode": "managed",
      "type": "aws_security_group",
      "name": "wsg",
      "provider": "provider[\"registry.terraform.io/hashicorp/aws\"]",
      "instances": [
        {
          "schema_version": 1,
          "attributes": {
            "arn": "arn:aws:ec2:eu-west-1:711147525323:security-group/sg-040c62ff6bb1710ca",
            "description": "Allow SSH connection",
            "egress": [
              {
                "cidr_blocks": [
                  "0.0.0.0/0"
                ],
                "description": "",
                "from_port": 0,
                "ipv6_cidr_blocks": [],
                "prefix_list_ids": [],
                "protocol": "-1",
                "security_groups": [],
                "self": false,
                "to_port": 0
              }
            ],
            "id": "sg-040c62ff6bb1710ca",
            "ingress": [
              {
                "cidr_blocks": [
                  "0.0.0.0/0"
                ],
                "description": "",
                "from_port": 22,
                "ipv6_cidr_blocks": [],
                "prefix_list_ids": [],
                "protocol": "tcp",
                "security_groups": [],
                "self": false,
                "to_port": 22
              },
              {
                "cidr_blocks": [
                  "0.0.0.0/0"
                ],
                "description": "",
                "from_port": 3306,
                "ipv6_cidr_blocks": [],
                "prefix_list_ids": [],
                "protocol": "tcp",
                "security_groups": [],
                "self": false,
                "to_port": 3306
              },
              {
                "cidr_blocks": [
                  "0.0.0.0/0"
                ],
                "description": "",
                "from_port": 8080,
                "ipv6_cidr_blocks": [],
                "prefix_list_ids": [],
                "protocol": "tcp",
                "security_groups": [],
                "self": false,
                "to_port": 8080
              },
              {
                "cidr_blocks": [
                  "3.251.78.238/32"
                ],
                "description": "",
                "from_port": 80,
                "ipv6_cidr_blocks": [],
                "prefix_list_ids": [],
                "protocol": "tcp",
                "security_groups": [],
                "self": false,
                "to_port": 80
              }
            ],
            "name": "WebServerSG",
            "name_prefix": "",
            "owner_id": "711147525323",
            "revoke_rules_on_delete": false,
            "tags": {
              "project": "CNE_Practical"
            },
            "timeouts": null,
            "vpc_id": "vpc-0f1502a0d97e0d04f"
          },
          "private": "eyJlMmJmYjczMC1lY2FhLTExZTYtOGY4OC0zNDM2M2JjN2M0YzAiOnsiY3JlYXRlIjo2MDAwMDAwMDAwMDAsImRlbGV0ZSI6NjAwMDAwMDAwMDAwfSwic2NoZW1hX3ZlcnNpb24iOiIxIn0=",
          "dependencies": [
            "module.aws_vpc.aws_vpc.vpc"
          ]
        }
      ]
    }
  ]
}
